
Microsoft Visual Studio Solution File, Format Version 12.00
# Visual Studio Version 16
VisualStudioVersion = 16.0.28922.388
MinimumVisualStudioVersion = 10.0.40219.1
Project("{FAE04EC0-301F-11D3-BF4B-00C04F79EFBC}") = "FunctionsPlusVault", "FunctionsPlusVault\FunctionsPlusVault.csproj", "{120BF7F9-A454-43EB-A949-A7F31F8C2312}"
EndProject
Global
	GlobalSection(SolutionConfigurationPlatforms) = preSolution
		Debug|Any CPU = Debug|Any CPU
		Release|Any CPU = Release|Any CPU
	EndGlobalSection
	GlobalSection(ProjectConfigurationPlatforms) = postSolution
		{120BF7F9-A454-43EB-A949-A7F31F8C2312}.Debug|Any CPU.ActiveCfg = Debug|Any CPU
		{120BF7F9-A454-43EB-A949-A7F31F8C2312}.Debug|Any CPU.Build.0 = Debug|Any CPU
		{120BF7F9-A454-43EB-A949-A7F31F8C2312}.Release|Any CPU.ActiveCfg = Release|Any CPU
		{120BF7F9-A454-43EB-A949-A7F31F8C2312}.Release|Any CPU.Build.0 = Release|Any CPU
	EndGlobalSection
	GlobalSection(SolutionProperties) = preSolution
		HideSolutionNode = FALSE
	EndGlobalSection
	GlobalSection(ExtensibilityGlobals) = postSolution
		SolutionGuid = {ED3E1B40-BFEA-4247-B4DB-B5F52CC2D353}
	EndGlobalSection
EndGlobal
